// !$*UTF8*$!
{
	archiveVersion = 1;
	classes = {
	};
	objectVersion = 46;
	objects = {

/* Begin PBXBuildFile section */
		6ADE3D5A1CD914A300F02B96 /* main.m in Sources */ = {isa = PBXBuildFile; fileRef = 6ADE3D591CD914A300F02B96 /* main.m */; };
		6ADE3D5D1CD914A300F02B96 /* AppDelegate.m in Sources */ = {isa = PBXBuildFile; fileRef = 6ADE3D5C1CD914A300F02B96 /* AppDelegate.m */; };
		6ADE3D601CD914A300F02B96 /* ViewController.m in Sources */ = {isa = PBXBuildFile; fileRef = 6ADE3D5F1CD914A300F02B96 /* ViewController.m */; };
		6ADE3D631CD914A300F02B96 /* Main.storyboard in Resources */ = {isa = PBXBuildFile; fileRef = 6ADE3D611CD914A300F02B96 /* Main.storyboard */; };
		6ADE3D651CD914A300F02B96 /* Assets.xcassets in Resources */ = {isa = PBXBuildFile; fileRef = 6ADE3D641CD914A300F02B96 /* Assets.xcassets */; };
		6ADE3D681CD914A300F02B96 /* LaunchScreen.storyboard in Resources */ = {isa = PBXBuildFile; fileRef = 6ADE3D661CD914A300F02B96 /* LaunchScreen.storyboard */; };
		6ADE3D731CD914A400F02B96 /* JBPickerViewCirulateTests.m in Sources */ = {isa = PBXBuildFile; fileRef = 6ADE3D721CD914A400F02B96 /* JBPickerViewCirulateTests.m */; };
		6ADE3D7E1CD914A400F02B96 /* JBPickerViewCirulateUITests.m in Sources */ = {isa = PBXBuildFile; fileRef = 6ADE3D7D1CD914A400F02B96 /* JBPickerViewCirulateUITests.m */; };
/* End PBXBuildFile section */

/* Begin PBXContainerItemProxy section */
		6ADE3D6F1CD914A400F02B96 /* PBXContainerItemProxy */ = {
			isa = PBXContainerItemProxy;
			containerPortal = 6ADE3D4D1CD914A300F02B96 /* Project object */;
			proxyType = 1;
			remoteGlobalIDString = 6ADE3D541CD914A300F02B96;
			remoteInfo = JBPickerViewCirulate;
		};
		6ADE3D7A1CD914A400F02B96 /* PBXContainerItemProxy */ = {
			isa = PBXContainerItemProxy;
			containerPortal = 6ADE3D4D1CD914A300F02B96 /* Project object */;
			proxyType = 1;
			remoteGlobalIDString = 6ADE3D541CD914A300F02B96;
			remoteInfo = JBPickerViewCirulate;
		};
/* End PBXContainerItemProxy section */

/* Begin PBXFileReference section */
		6ADE3D551CD914A300F02B96 /* JBPickerViewCirulate.app */ = {isa = PBXFileReference; explicitFileType = wrapper.application; includeInIndex = 0; path = JBPickerViewCirulate.app; sourceTree = BUILT_PRODUCTS_DIR; };
		6ADE3D591CD914A300F02B96 /* main.m */ = {isa = PBXFileReference; lastKnownFileType = sourcecode.c.objc; path = main.m; sourceTree = "<group>"; };
		6ADE3D5B1CD914A300F02B96 /* AppDelegate.h */ = {isa = PBXFileReference; lastKnownFileType = sourcecode.c.h; path = AppDelegate.h; sourceTree = "<group>"; };
		6ADE3D5C1CD914A300F02B96 /* AppDelegate.m */ = {isa = PBXFileReference; lastKnownFileType = sourcecode.c.objc; path = AppDelegate.m; sourceTree = "<group>"; };
		6ADE3D5E1CD914A300F02B96 /* ViewController.h */ = {isa = PBXFileReference; lastKnownFileType = sourcecode.c.h; path = ViewController.h; sourceTree = "<group>"; };
		6ADE3D5F1CD914A300F02B96 /* ViewController.m */ = {isa = PBXFileReference; lastKnownFileType = sourcecode.c.objc; path = ViewController.m; sourceTree = "<group>"; };
		6ADE3D621CD914A300F02B96 /* Base */ = {isa = PBXFileReference; lastKnownFileType = file.storyboard; name = Base; path = Base.lproj/Main.storyboard; sourceTree = "<group>"; };
		6ADE3D641CD914A300F02B96 /* Assets.xcassets */ = {isa = PBXFileReference; lastKnownFileType = folder.assetcatalog; path = Assets.xcassets; sourceTree = "<group>"; };
		6ADE3D671CD914A300F02B96 /* Base */ = {isa = PBXFileReference; lastKnownFileType = file.storyboard; name = Base; path = Base.lproj/LaunchScreen.storyboard; sourceTree = "<group>"; };
		6ADE3D691CD914A300F02B96 /* Info.plist */ = {isa = PBXFileReference; lastKnownFileType = text.plist.xml; path = Info.plist; sourceTree = "<group>"; };
		6ADE3D6E1CD914A400F02B96 /* JBPickerViewCirulateTests.xctest */ = {isa = PBXFileReference; explicitFileType = wrapper.cfbundle; includeInIndex = 0; path = JBPickerViewCirulateTests.xctest; sourceTree = BUILT_PRODUCTS_DIR; };
		6ADE3D721CD914A400F02B96 /* JBPickerViewCirulateTests.m */ = {isa = PBXFileReference; lastKnownFileType = sourcecode.c.objc; path = JBPickerViewCirulateTests.m; sourceTree = "<group>"; };
		6ADE3D741CD914A400F02B96 /* Info.plist */ = {isa = PBXFileReference; lastKnownFileType = text.plist.xml; path = Info.plist; sourceTree = "<group>"; };
		6ADE3D791CD914A400F02B96 /* JBPickerViewCirulateUITests.xctest */ = {isa = PBXFileReference; explicitFileType = wrapper.cfbundle; includeInIndex = 0; path = JBPickerViewCirulateUITests.xctest; sourceTree = BUILT_PRODUCTS_DIR; };
		6ADE3D7D1CD914A400F02B96 /* JBPickerViewCirulateUITests.m */ = {isa = PBXFileReference; lastKnownFileType = sourcecode.c.objc; path = JBPickerViewCirulateUITests.m; sourceTree = "<group>"; };
		6ADE3D7F1CD914A400F02B96 /* Info.plist */ = {isa = PBXFileReference; lastKnownFileType = text.plist.xml; path = Info.plist; sourceTree = "<group>"; };
/* End PBXFileReference section */

/* Begin PBXFrameworksBuildPhase section */
		6ADE3D521CD914A300F02B96 /* Frameworks */ = {
			isa = PBXFrameworksBuildPhase;
			buildActionMask = 2147483647;
			files = (
			);
			runOnlyForDeploymentPostprocessing = 0;
		};
		6ADE3D6B1CD914A400F02B96 /* Frameworks */ = {
			isa = PBXFrameworksBuildPhase;
			buildActionMask = 2147483647;
			files = (
			);
			runOnlyForDeploymentPostprocessing = 0;
		};
		6ADE3D761CD914A400F02B96 /* Frameworks */ = {
			isa = PBXFrameworksBuildPhase;
			buildActionMask = 2147483647;
			files = (
			);
			runOnlyForDeploymentPostprocessing = 0;
		};
/* End PBXFrameworksBuildPhase section */

/* Begin PBXGroup section */
		6ADE3D4C1CD914A300F02B96 = {
			isa = PBXGroup;
			children = (
				6ADE3D571CD914A300F02B96 /* JBPickerViewCirulate */,
				6ADE3D711CD914A400F02B96 /* JBPickerViewCirulateTests */,
				6ADE3D7C1CD914A400F02B96 /* JBPickerViewCirulateUITests */,
				6ADE3D561CD914A300F02B96 /* Products */,
			);
			sourceTree = "<group>";
		};
		6ADE3D561CD914A300F02B96 /* Products */ = {
			isa = PBXGroup;
			children = (
				6ADE3D551CD914A300F02B96 /* JBPickerViewCirulate.app */,
				6ADE3D6E1CD914A400F02B96 /* JBPickerViewCirulateTests.xctest */,
				6ADE3D791CD914A400F02B96 /* JBPickerViewCirulateUITests.xctest */,
			);
			name = Products;
			sourceTree = "<group>";
		};
		6ADE3D571CD914A300F02B96 /* JBPickerViewCirulate */ = {
			isa = PBXGroup;
			children = (
				6ADE3D5B1CD914A300F02B96 /* AppDelegate.h */,
				6ADE3D5C1CD914A300F02B96 /* AppDelegate.m */,
				6ADE3D5E1CD914A300F02B96 /* ViewController.h */,
				6ADE3D5F1CD914A300F02B96 /* ViewController.m */,
				6ADE3D611CD914A300F02B96 /* Main.storyboard */,
				6ADE3D641CD914A300F02B96 /* Assets.xcassets */,
				6ADE3D661CD914A300F02B96 /* LaunchScreen.storyboard */,
				6ADE3D691CD914A300F02B96 /* Info.plist */,
				6ADE3D581CD914A300F02B96 /* Supporting Files */,
			);
			path = JBPickerViewCirulate;
			sourceTree = "<group>";
		};
		6ADE3D581CD914A300F02B96 /* Supporting Files */ = {
			isa = PBXGroup;
			children = (
				6ADE3D591CD914A300F02B96 /* main.m */,
			);
			name = "Supporting Files";
			sourceTree = "<group>";
		};
		6ADE3D711CD914A400F02B96 /* JBPickerViewCirulateTests */ = {
			isa = PBXGroup;
			children = (
				6ADE3D721CD914A400F02B96 /* JBPickerViewCirulateTests.m */,
				6ADE3D741CD914A400F02B96 /* Info.plist */,
			);
			path = JBPickerViewCirulateTests;
			sourceTree = "<group>";
		};
		6ADE3D7C1CD914A400F02B96 /* JBPickerViewCirulateUITests */ = {
			isa = PBXGroup;
			children = (
				6ADE3D7D1CD914A400F02B96 /* JBPickerViewCirulateUITests.m */,
				6ADE3D7F1CD914A400F02B96 /* Info.plist */,
			);
			path = JBPickerViewCirulateUITests;
			sourceTree = "<group>";
		};
/* End PBXGroup section */

/* Begin PBXNativeTarget section */
		6ADE3D541CD914A300F02B96 /* JBPickerViewCirulate */ = {
			isa = PBXNativeTarget;
			buildConfigurationList = 6ADE3D821CD914A400F02B96 /* Build configuration list for PBXNativeTarget "JBPickerViewCirulate" */;
			buildPhases = (
				6ADE3D511CD914A300F02B96 /* Sources */,
				6ADE3D521CD914A300F02B96 /* Frameworks */,
				6ADE3D531CD914A300F02B96 /* Resources */,
			);
			buildRules = (
			);
			dependencies = (
			);
			name = JBPickerViewCirulate;
			productName = JBPickerViewCirulate;
			productReference = 6ADE3D551CD914A300F02B96 /* JBPickerViewCirulate.app */;
			productType = "com.apple.product-type.application";
		};
		6ADE3D6D1CD914A400F02B96 /* JBPickerViewCirulateTests */ = {
			isa = PBXNativeTarget;
			buildConfigurationList = 6ADE3D851CD914A400F02B96 /* Build configuration list for PBXNativeTarget "JBPickerViewCirulateTests" */;
			buildPhases = (
				6ADE3D6A1CD914A400F02B96 /* Sources */,
				6ADE3D6B1CD914A400F02B96 /* Frameworks */,
				6ADE3D6C1CD914A400F02B96 /* Resources */,
			);
			buildRules = (
			);
			dependencies = (
				6ADE3D701CD914A400F02B96 /* PBXTargetDependency */,
			);
			name = JBPickerViewCirulateTests;
			productName = JBPickerViewCirulateTests;
			productReference = 6ADE3D6E1CD914A400F02B96 /* JBPickerViewCirulateTests.xctest */;
			productType = "com.apple.product-type.bundle.unit-test";
		};
		6ADE3D781CD914A400F02B96 /* JBPickerViewCirulateUITests */ = {
			isa = PBXNativeTarget;
			buildConfigurationList = 6ADE3D881CD914A400F02B96 /* Build configuration list for PBXNativeTarget "JBPickerViewCirulateUITests" */;
			buildPhases = (
				6ADE3D751CD914A400F02B96 /* Sources */,
				6ADE3D761CD914A400F02B96 /* Frameworks */,
				6ADE3D771CD914A400F02B96 /* Resources */,
			);
			buildRules = (
			);
			dependencies = (
				6ADE3D7B1CD914A400F02B96 /* PBXTargetDependency */,
			);
			name = JBPickerViewCirulateUITests;
			productName = JBPickerViewCirulateUITests;
			productReference = 6ADE3D791CD914A400F02B96 /* JBPickerViewCirulateUITests.xctest */;
			productType = "com.apple.product-type.bundle.ui-testing";
		};
/* End PBXNativeTarget section */

/* Begin PBXProject section */
		6ADE3D4D1CD914A300F02B96 /* Project object */ = {
			isa = PBXProject;
			attributes = {
				LastUpgradeCheck = 0730;
				ORGANIZATIONNAME = Bobby;
				TargetAttributes = {
					6ADE3D541CD914A300F02B96 = {
						CreatedOnToolsVersion = 7.3;
						DevelopmentTeam = 96276M64J8;
					};
					6ADE3D6D1CD914A400F02B96 = {
						CreatedOnToolsVersion = 7.3;
						DevelopmentTeam = 96276M64J8;
						TestTargetID = 6ADE3D541CD914A300F02B96;
					};
					6ADE3D781CD914A400F02B96 = {
						CreatedOnToolsVersion = 7.3;
						DevelopmentTeam = 96276M64J8;
						TestTargetID = 6ADE3D541CD914A300F02B96;
					};
				};
			};
			buildConfigurationList = 6ADE3D501CD914A300F02B96 /* Build configuration list for PBXProject "JBPickerViewCirulate" */;
			compatibilityVersion = "Xcode 3.2";
			developmentRegion = English;
			hasScannedForEncodings = 0;
			knownRegions = (
				en,
				Base,
			);
			mainGroup = 6ADE3D4C1CD914A300F02B96;
			productRefGroup = 6ADE3D561CD914A300F02B96 /* Products */;
			projectDirPath = "";
			projectRoot = "";
			targets = (
				6ADE3D541CD914A300F02B96 /* JBPickerViewCirulate */,
				6ADE3D6D1CD914A400F02B96 /* JBPickerViewCirulateTests */,
				6ADE3D781CD914A400F02B96 /* JBPickerViewCirulateUITests */,
			);
		};
/* End PBXProject section */

/* Begin PBXResourcesBuildPhase section */
		6ADE3D531CD914A300F02B96 /* Resources */ = {
			isa = PBXResourcesBuildPhase;
			buildActionMask = 2147483647;
			files = (
				6ADE3D681CD914A300F02B96 /* LaunchScreen.storyboard in Resources */,
				6ADE3D651CD914A300F02B96 /* Assets.xcassets in Resources */,
				6ADE3D631CD914A300F02B96 /* Main.storyboard in Resources */,
			);
			runOnlyForDeploymentPostprocessing = 0;
		};
		6ADE3D6C1CD914A400F02B96 /* Resources */ = {
			isa = PBXResourcesBuildPhase;
			buildActionMask = 2147483647;
			files = (
			);
			runOnlyForDeploymentPostprocessing = 0;
		};
		6ADE3D771CD914A400F02B96 /* Resources */ = {
			isa = PBXResourcesBuildPhase;
			buildActionMask = 2147483647;
			files = (
			);
			runOnlyForDeploymentPostprocessing = 0;
		};
/* End PBXResourcesBuildPhase section */

/* Begin PBXSourcesBuildPhase section */
		6ADE3D511CD914A300F02B96 /* Sources */ = {
			isa = PBXSourcesBuildPhase;
			buildActionMask = 2147483647;
			files = (
				6ADE3D601CD914A300F02B96 /* ViewController.m in Sources */,
				6ADE3D5D1CD914A300F02B96 /* AppDelegate.m in Sources */,
				6ADE3D5A1CD914A300F02B96 /* main.m in Sources */,
			);
			runOnlyForDeploymentPostprocessing = 0;
		};
		6ADE3D6A1CD914A400F02B96 /* Sources */ = {
			isa = PBXSourcesBuildPhase;
			buildActionMask = 2147483647;
			files = (
				6ADE3D731CD914A400F02B96 /* JBPickerViewCirulateTests.m in Sources */,
			);
			runOnlyForDeploymentPostprocessing = 0;
		};
		6ADE3D751CD914A400F02B96 /* Sources */ = {
			isa = PBXSourcesBuildPhase;
			buildActionMask = 2147483647;
			files = (
				6ADE3D7E1CD914A400F02B96 /* JBPickerViewCirulateUITests.m in Sources */,
			);
			runOnlyForDeploymentPostprocessing = 0;
		};
/* End PBXSourcesBuildPhase section */

/* Begin PBXTargetDependency section */
		6ADE3D701CD914A400F02B96 /* PBXTargetDependency */ = {
			isa = PBXTargetDependency;
			target = 6ADE3D541CD914A300F02B96 /* JBPickerViewCirulate */;
			targetProxy = 6ADE3D6F1CD914A400F02B96 /* PBXContainerItemProxy */;
		};
		6ADE3D7B1CD914A400F02B96 /* PBXTargetDependency */ = {
			isa = PBXTargetDependency;
			target = 6ADE3D541CD914A300F02B96 /* JBPickerViewCirulate */;
			targetProxy = 6ADE3D7A1CD914A400F02B96 /* PBXContainerItemProxy */;
		};
/* End PBXTargetDependency section */

/* Begin PBXVariantGroup section */
		6ADE3D611CD914A300F02B96 /* Main.storyboard */ = {
			isa = PBXVariantGroup;
			children = (
				6ADE3D621CD914A300F02B96 /* Base */,
			);
			name = Main.storyboard;
			sourceTree = "<group>";
		};
		6ADE3D661CD914A300F02B96 /* LaunchScreen.storyboard */ = {
			isa = PBXVariantGroup;
			children = (
				6ADE3D671CD914A300F02B96 /* Base */,
			);
			name = LaunchScreen.storyboard;
			sourceTree = "<group>";
		};
/* End PBXVariantGroup section */

/* Begin XCBuildConfiguration section */
		6ADE3D801CD914A400F02B96 /* Debug */ = {
			isa = XCBuildConfiguration;
			buildSettings = {
				ALWAYS_SEARCH_USER_PATHS = NO;
				CLANG_ANALYZER_NONNULL = YES;
				CLANG_CXX_LANGUAGE_STANDARD = "gnu++0x";
				CLANG_CXX_LIBRARY = "libc++";
				CLANG_ENABLE_MODULES = YES;
				CLANG_ENABLE_OBJC_ARC = YES;
				CLANG_WARN_BOOL_CONVERSION = YES;
				CLANG_WARN_CONSTANT_CONVERSION = YES;
				CLANG_WARN_DIRECT_OBJC_ISA_USAGE = YES_ERROR;
				CLANG_WARN_EMPTY_BODY = YES;
				CLANG_WARN_ENUM_CONVERSION = YES;
				CLANG_WARN_INT_CONVERSION = YES;
				CLANG_WARN_OBJC_ROOT_CLASS = YES_ERROR;
				CLANG_WARN_UNREACHABLE_CODE = YES;
				CLANG_WARN__DUPLICATE_METHOD_MATCH = YES;
				"CODE_SIGN_IDENTITY[sdk=iphoneos*]" = "iPhone Developer";
				COPY_PHASE_STRIP = NO;
				DEBUG_INFORMATION_FORMAT = dwarf;
				ENABLE_STRICT_OBJC_MSGSEND = YES;
				ENABLE_TESTABILITY = YES;
				GCC_C_LANGUAGE_STANDARD = gnu99;
				GCC_DYNAMIC_NO_PIC = NO;
				GCC_NO_COMMON_BLOCKS = YES;
				GCC_OPTIMIZATION_LEVEL = 0;
				GCC_PREPROCESSOR_DEFINITIONS = (
					"DEBUG=1",
					"$(inherited)",
				);
				GCC_WARN_64_TO_32_BIT_CONVERSION = YES;
				GCC_WARN_ABOUT_RETURN_TYPE = YES_ERROR;
				GCC_WARN_UNDECLARED_SELECTOR = YES;
				GCC_WARN_UNINITIALIZED_AUTOS = YES_AGGRESSIVE;
				GCC_WARN_UNUSED_FUNCTION = YES;
				GCC_WARN_UNUSED_VARIABLE = YES;
				IPHONEOS_DEPLOYMENT_TARGET = 9.3;
				MTL_ENABLE_DEBUG_INFO = YES;
				ONLY_ACTIVE_ARCH = YES;
				SDKROOT = iphoneos;
			};
			name = Debug;
		};
		6ADE3D811CD914A400F02B96 /* Release */ = {
			isa = XCBuildConfiguration;
			buildSettings = {
				ALWAYS_SEARCH_USER_PATHS = NO;
				CLANG_ANALYZER_NONNULL = YES;
				CLANG_CXX_LANGUAGE_STANDARD = "gnu++0x";
				CLANG_CXX_LIBRARY = "libc++";
				CLANG_ENABLE_MODULES = YES;
				CLANG_ENABLE_OBJC_ARC = YES;
				CLANG_WARN_BOOL_CONVERSION = YES;
				CLANG_WARN_CONSTANT_CONVERSION = YES;
				CLANG_WARN_DIRECT_OBJC_ISA_USAGE = YES_ERROR;
				CLANG_WARN_EMPTY_BODY = YES;
				CLANG_WARN_ENUM_CONVERSION = YES;
				CLANG_WARN_INT_CONVERSION = YES;
				CLANG_WARN_OBJC_ROOT_CLASS = YES_ERROR;
				CLANG_WARN_UNREACHABLE_CODE = YES;
				CLANG_WARN__DUPLICATE_METHOD_MATCH = YES;
				"CODE_SIGN_IDENTITY[sdk=iphoneos*]" = "iPhone Developer";
				COPY_PHASE_STRIP = NO;
				DEBUG_INFORMATION_FORMAT = "dwarf-with-dsym";
				ENABLE_NS_ASSERTIONS = NO;
				ENABLE_STRICT_OBJC_MSGSEND = YES;
				GCC_C_LANGUAGE_STANDARD = gnu99;
				GCC_NO_COMMON_BLOCKS = YES;
				GCC_WARN_64_TO_32_BIT_CONVERSION = YES;
				GCC_WARN_ABOUT_RETURN_TYPE = YES_ERROR;
				GCC_WARN_UNDECLARED_SELECTOR = YES;
				GCC_WARN_UNINITIALIZED_AUTOS = YES_AGGRESSIVE;
				GCC_WARN_UNUSED_FUNCTION = YES;
				GCC_WARN_UNUSED_VARIABLE = YES;
				IPHONEOS_DEPLOYMENT_TARGET = 9.3;
				MTL_ENABLE_DEBUG_INFO = NO;
				SDKROOT = iphoneos;
				VALIDATE_PRODUCT = YES;
			};
			name = Release;
		};
		6ADE3D831CD914A400F02B96 /* Debug */ = {
			isa = XCBuildConfiguration;
			buildSettings = {
				ASSETCATALOG_COMPILER_APPICON_NAME = AppIcon;
				INFOPLIST_FILE = JBPickerViewCirulate/Info.plist;
				LD_RUNPATH_SEARCH_PATHS = "$(inherited) @executable_path/Frameworks";
				PRODUCT_BUNDLE_IDENTIFIER = com.JinBiao.JBPickerViewCirulate;
				PRODUCT_NAME = "$(TARGET_NAME)";
			};
			name = Debug;
		};
		6ADE3D841CD914A400F02B96 /* Release */ = {
			isa = XCBuildConfiguration;
			buildSettings = {
				ASSETCATALOG_COMPILER_APPICON_NAME = AppIcon;
				INFOPLIST_FILE = JBPickerViewCirulate/Info.plist;
				LD_RUNPATH_SEARCH_PATHS = "$(inherited) @executable_path/Frameworks";
				PRODUCT_BUNDLE_IDENTIFIER = com.JinBiao.JBPickerViewCirulate;
				PRODUCT_NAME = "$(TARGET_NAME)";
			};
			name = Release;
		};
		6ADE3D861CD914A400F02B96 /* Debug */ = {
			isa = XCBuildConfiguration;
			buildSettings = {
				BUNDLE_LOADER = "$(TEST_HOST)";
				INFOPLIST_FILE = JBPickerViewCirulateTests/Info.plist;
				LD_RUNPATH_SEARCH_PATHS = "$(inherited) @executable_path/Frameworks @loader_path/Frameworks";
				PRODUCT_BUNDLE_IDENTIFIER = com.JinBiao.JBPickerViewCirulateTests;
				PRODUCT_NAME = "$(TARGET_NAME)";
				TEST_HOST = "$(BUILT_PRODUCTS_DIR)/JBPickerViewCirulate.app/JBPickerViewCirulate";
			};
			name = Debug;
		};
		6ADE3D871CD914A400F02B96 /* Release */ = {
			isa = XCBuildConfiguration;
			buildSettings = {
				BUNDLE_LOADER = "$(TEST_HOST)";
				INFOPLIST_FILE = JBPickerViewCirulateTests/Info.plist;
				LD_RUNPATH_SEARCH_PATHS = "$(inherited) @executable_path/Frameworks @loader_path/Frameworks";
				PRODUCT_BUNDLE_IDENTIFIER = com.JinBiao.JBPickerViewCirulateTests;
				PRODUCT_NAME = "$(TARGET_NAME)";
				TEST_HOST = "$(BUILT_PRODUCTS_DIR)/JBPickerViewCirulate.app/JBPickerViewCirulate";
			};
			name = Release;
		};
		6ADE3D891CD914A400F02B96 /* Debug */ = {
			isa = XCBuildConfiguration;
			buildSettings = {
				INFOPLIST_FILE = JBPickerViewCirulateUITests/Info.plist;
				LD_RUNPATH_SEARCH_PATHS = "$(inherited) @executable_path/Frameworks @loader_path/Frameworks";
				PRODUCT_BUNDLE_IDENTIFIER = com.JinBiao.JBPickerViewCirulateUITests;
				PRODUCT_NAME = "$(TARGET_NAME)";
				TEST_TARGET_NAME = JBPickerViewCirulate;
			};
			name = Debug;
		};
		6ADE3D8A1CD914A400F02B96 /* Release */ = {
			isa = XCBuildConfiguration;
			buildSettings = {
				INFOPLIST_FILE = JBPickerViewCirulateUITests/Info.plist;
				LD_RUNPATH_SEARCH_PATHS = "$(inherited) @executable_path/Frameworks @loader_path/Frameworks";
				PRODUCT_BUNDLE_IDENTIFIER = com.JinBiao.JBPickerViewCirulateUITests;
				PRODUCT_NAME = "$(TARGET_NAME)";
				TEST_TARGET_NAME = JBPickerViewCirulate;
			};
			name = Release;
		};
/* End XCBuildConfiguration section */

/* Begin XCConfigurationList section */
		6ADE3D501CD914A300F02B96 /* Build configuration list for PBXProject "JBPickerViewCirulate" */ = {
			isa = XCConfigurationList;
			buildConfigurations = (
				6ADE3D801CD914A400F02B96 /* Debug */,
				6ADE3D811CD914A400F02B96 /* Release */,
			);
			defaultConfigurationIsVisible = 0;
			defaultConfigurationName = Release;
		};
		6ADE3D821CD914A400F02B96 /* Build configuration list for PBXNativeTarget "JBPickerViewCirulate" */ = {
			isa = XCConfigurationList;
			buildConfigurations = (
				6ADE3D831CD914A400F02B96 /* Debug */,
				6ADE3D841CD914A400F02B96 /* Release */,
			);
			defaultConfigurationIsVisible = 0;
		};
		6ADE3D851CD914A400F02B96 /* Build configuration list for PBXNativeTarget "JBPickerViewCirulateTests" */ = {
			isa = XCConfigurationList;
			buildConfigurations = (
				6ADE3D861CD914A400F02B96 /* Debug */,
				6ADE3D871CD914A400F02B96 /* Release */,
			);
			defaultConfigurationIsVisible = 0;
		};
		6ADE3D881CD914A400F02B96 /* Build configuration list for PBXNativeTarget "JBPickerViewCirulateUITests" */ = {
			isa = XCConfigurationList;
			buildConfigurations = (
				6ADE3D891CD914A400F02B96 /* Debug */,
				6ADE3D8A1CD914A400F02B96 /* Release */,
			);
			defaultConfigurationIsVisible = 0;
		};
/* End XCConfigurationList section */
	};
	rootObject = 6ADE3D4D1CD914A300F02B96 /* Project object */;
}
